
Microsoft Visual Studio Solution File, Format Version 12.00
# Visual Studio 2012
Project("{2150E333-8FDC-42A3-9474-1A3956D46DE8}") = "SIDE", "SIDE", "{7DE5A6B2-B37C-4314-90CC-18705E0B0D6A}"
EndProject
Project("{2150E333-8FDC-42A3-9474-1A3956D46DE8}") = "Core", "Core", "{2555AA2A-CB8E-4DCF-A937-771F378C6089}"
EndProject
Project("{2150E333-8FDC-42A3-9474-1A3956D46DE8}") = "Clients", "Clients", "{A9527944-2D5B-42B1-9446-EC52470FB2C1}"
EndProject
Project("{2150E333-8FDC-42A3-9474-1A3956D46DE8}") = "Intefaces", "Intefaces", "{22FCBC6E-9440-4391-A3A2-A3C2FFD8D9C1}"
EndProject
Project("{FAE04EC0-301F-11D3-BF4B-00C04F79EFBC}") = "Side.Services", "src\Core\Side.Services\Side.Services.csproj", "{21187704-0C71-4942-9C0F-99D151C82F20}"
EndProject
Project("{FAE04EC0-301F-11D3-BF4B-00C04F79EFBC}") = "Side.Interfaces", "src\Interfaces\Side.Interfaces\Side.Interfaces.csproj", "{1EDA1FE8-D5AE-4DDD-B661-5FFA881AB850}"
EndProject
Project("{2150E333-8FDC-42A3-9474-1A3956D46DE8}") = "Shell", "Shell", "{85E46FE6-0968-4996-BCCE-E56A2FB6A081}"
EndProject
Project("{FAE04EC0-301F-11D3-BF4B-00C04F79EFBC}") = "Side.Shell", "src\Shell\Side.Shell\Side.Shell.csproj", "{632B51CE-18E1-453F-988A-9D909F995713}"
EndProject
Project("{FAE04EC0-301F-11D3-BF4B-00C04F79EFBC}") = "SIDE", "src\Clients\SIDE\SIDE.csproj", "{C200BA57-6B1B-4C76-B6A4-39586A562623}"
EndProject
Global
	GlobalSection(SolutionConfigurationPlatforms) = preSolution
		Debug|Any CPU = Debug|Any CPU
		Release|Any CPU = Release|Any CPU
	EndGlobalSection
	GlobalSection(ProjectConfigurationPlatforms) = postSolution
		{21187704-0C71-4942-9C0F-99D151C82F20}.Debug|Any CPU.ActiveCfg = Debug|Any CPU
		{21187704-0C71-4942-9C0F-99D151C82F20}.Debug|Any CPU.Build.0 = Debug|Any CPU
		{21187704-0C71-4942-9C0F-99D151C82F20}.Release|Any CPU.ActiveCfg = Release|Any CPU
		{21187704-0C71-4942-9C0F-99D151C82F20}.Release|Any CPU.Build.0 = Release|Any CPU
		{1EDA1FE8-D5AE-4DDD-B661-5FFA881AB850}.Debug|Any CPU.ActiveCfg = Debug|Any CPU
		{1EDA1FE8-D5AE-4DDD-B661-5FFA881AB850}.Debug|Any CPU.Build.0 = Debug|Any CPU
		{1EDA1FE8-D5AE-4DDD-B661-5FFA881AB850}.Release|Any CPU.ActiveCfg = Release|Any CPU
		{1EDA1FE8-D5AE-4DDD-B661-5FFA881AB850}.Release|Any CPU.Build.0 = Release|Any CPU
		{632B51CE-18E1-453F-988A-9D909F995713}.Debug|Any CPU.ActiveCfg = Debug|Any CPU
		{632B51CE-18E1-453F-988A-9D909F995713}.Debug|Any CPU.Build.0 = Debug|Any CPU
		{632B51CE-18E1-453F-988A-9D909F995713}.Release|Any CPU.ActiveCfg = Release|Any CPU
		{632B51CE-18E1-453F-988A-9D909F995713}.Release|Any CPU.Build.0 = Release|Any CPU
		{C200BA57-6B1B-4C76-B6A4-39586A562623}.Debug|Any CPU.ActiveCfg = Debug|Any CPU
		{C200BA57-6B1B-4C76-B6A4-39586A562623}.Debug|Any CPU.Build.0 = Debug|Any CPU
		{C200BA57-6B1B-4C76-B6A4-39586A562623}.Release|Any CPU.ActiveCfg = Release|Any CPU
		{C200BA57-6B1B-4C76-B6A4-39586A562623}.Release|Any CPU.Build.0 = Release|Any CPU
	EndGlobalSection
	GlobalSection(SolutionProperties) = preSolution
		HideSolutionNode = FALSE
	EndGlobalSection
	GlobalSection(NestedProjects) = preSolution
		{2555AA2A-CB8E-4DCF-A937-771F378C6089} = {7DE5A6B2-B37C-4314-90CC-18705E0B0D6A}
		{A9527944-2D5B-42B1-9446-EC52470FB2C1} = {7DE5A6B2-B37C-4314-90CC-18705E0B0D6A}
		{22FCBC6E-9440-4391-A3A2-A3C2FFD8D9C1} = {7DE5A6B2-B37C-4314-90CC-18705E0B0D6A}
		{85E46FE6-0968-4996-BCCE-E56A2FB6A081} = {7DE5A6B2-B37C-4314-90CC-18705E0B0D6A}
		{21187704-0C71-4942-9C0F-99D151C82F20} = {2555AA2A-CB8E-4DCF-A937-771F378C6089}
		{C200BA57-6B1B-4C76-B6A4-39586A562623} = {A9527944-2D5B-42B1-9446-EC52470FB2C1}
		{1EDA1FE8-D5AE-4DDD-B661-5FFA881AB850} = {22FCBC6E-9440-4391-A3A2-A3C2FFD8D9C1}
		{632B51CE-18E1-453F-988A-9D909F995713} = {85E46FE6-0968-4996-BCCE-E56A2FB6A081}
	EndGlobalSection
EndGlobal
